
Microsoft Visual Studio Solution File, Format Version 12.00
# Visual Studio Version 17
VisualStudioVersion = 17.2.32630.192
MinimumVisualStudioVersion = 10.0.40219.1
Project("{9A19103F-16F7-4668-BE54-9A1E7A4F7556}") = "ParallelThread", "ParallelThread.csproj", "{4EC1B09E-48B2-405C-A0D8-96E9DA257F8B}"
EndProject
Project("{9A19103F-16F7-4668-BE54-9A1E7A4F7556}") = "BenchLocks", "..\BenchLocks\BenchLocks.csproj", "{D52B35B5-EC90-4E2F-A907-A8E6B87B2968}"
EndProject
Project("{9A19103F-16F7-4668-BE54-9A1E7A4F7556}") = "LockedApiTests", "..\LockedApiTests\LockedApiTests.csproj", "{E4843559-283D-4B8B-9AF2-AAE5AFF0FA81}"
EndProject
Global
	GlobalSection(SolutionConfigurationPlatforms) = preSolution
		Debug|Any CPU = Debug|Any CPU
		Release|Any CPU = Release|Any CPU
	EndGlobalSection
	GlobalSection(ProjectConfigurationPlatforms) = postSolution
		{4EC1B09E-48B2-405C-A0D8-96E9DA257F8B}.Debug|Any CPU.ActiveCfg = Debug|Any CPU
		{4EC1B09E-48B2-405C-A0D8-96E9DA257F8B}.Debug|Any CPU.Build.0 = Debug|Any CPU
		{4EC1B09E-48B2-405C-A0D8-96E9DA257F8B}.Release|Any CPU.ActiveCfg = Release|Any CPU
		{4EC1B09E-48B2-405C-A0D8-96E9DA257F8B}.Release|Any CPU.Build.0 = Release|Any CPU
		{D52B35B5-EC90-4E2F-A907-A8E6B87B2968}.Debug|Any CPU.ActiveCfg = Debug|Any CPU
		{D52B35B5-EC90-4E2F-A907-A8E6B87B2968}.Debug|Any CPU.Build.0 = Debug|Any CPU
		{D52B35B5-EC90-4E2F-A907-A8E6B87B2968}.Release|Any CPU.ActiveCfg = Release|Any CPU
		{D52B35B5-EC90-4E2F-A907-A8E6B87B2968}.Release|Any CPU.Build.0 = Release|Any CPU
		{E4843559-283D-4B8B-9AF2-AAE5AFF0FA81}.Debug|Any CPU.ActiveCfg = Debug|Any CPU
		{E4843559-283D-4B8B-9AF2-AAE5AFF0FA81}.Debug|Any CPU.Build.0 = Debug|Any CPU
		{E4843559-283D-4B8B-9AF2-AAE5AFF0FA81}.Release|Any CPU.ActiveCfg = Release|Any CPU
		{E4843559-283D-4B8B-9AF2-AAE5AFF0FA81}.Release|Any CPU.Build.0 = Release|Any CPU
	EndGlobalSection
	GlobalSection(SolutionProperties) = preSolution
		HideSolutionNode = FALSE
	EndGlobalSection
	GlobalSection(ExtensibilityGlobals) = postSolution
		SolutionGuid = {C050BEE7-D1C9-4C89-80A0-DBBE2017945C}
	EndGlobalSection
EndGlobal
