
Microsoft Visual Studio Solution File, Format Version 12.00
# Visual Studio Version 17
VisualStudioVersion = 17.4.33213.308
MinimumVisualStudioVersion = 10.0.40219.1
Project("{9A19103F-16F7-4668-BE54-9A1E7A4F7556}") = "ConsoleApp1", "ConsoleApp1\ConsoleApp1.csproj", "{2194396E-60D9-4CF4-8B12-10332C4D9B05}"
EndProject
Project("{9A19103F-16F7-4668-BE54-9A1E7A4F7556}") = "TestThings", "TestThings\TestThings.csproj", "{CA49632E-A11D-4F94-A5C2-96283D9B9E9B}"
EndProject
Project("{FAE04EC0-301F-11D3-BF4B-00C04F79EFBC}") = "FrameworkExaustAllSockets", "FrameworkExaustAllSockets\FrameworkExaustAllSockets.csproj", "{93C526B3-8A1C-4767-AD69-CCCAEEAFDA41}"
EndProject
Project("{FAE04EC0-301F-11D3-BF4B-00C04F79EFBC}") = "LightweightApi", "LightweightApi\LightweightApi.csproj", "{A547EAE6-A6E9-4B6E-ADCE-A1E9344241A4}"
EndProject
Project("{FAE04EC0-301F-11D3-BF4B-00C04F79EFBC}") = "ReadExcelAndParseToScript", "ReadExcelAndParseToScript\ReadExcelAndParseToScript.csproj", "{0BB8480E-F015-4BB1-B793-B0EE7CDD9237}"
EndProject
Global
	GlobalSection(SolutionConfigurationPlatforms) = preSolution
		Debug|Any CPU = Debug|Any CPU
		Release|Any CPU = Release|Any CPU
	EndGlobalSection
	GlobalSection(ProjectConfigurationPlatforms) = postSolution
		{2194396E-60D9-4CF4-8B12-10332C4D9B05}.Debug|Any CPU.ActiveCfg = Debug|Any CPU
		{2194396E-60D9-4CF4-8B12-10332C4D9B05}.Debug|Any CPU.Build.0 = Debug|Any CPU
		{2194396E-60D9-4CF4-8B12-10332C4D9B05}.Release|Any CPU.ActiveCfg = Release|Any CPU
		{2194396E-60D9-4CF4-8B12-10332C4D9B05}.Release|Any CPU.Build.0 = Release|Any CPU
		{CA49632E-A11D-4F94-A5C2-96283D9B9E9B}.Debug|Any CPU.ActiveCfg = Debug|Any CPU
		{CA49632E-A11D-4F94-A5C2-96283D9B9E9B}.Debug|Any CPU.Build.0 = Debug|Any CPU
		{CA49632E-A11D-4F94-A5C2-96283D9B9E9B}.Release|Any CPU.ActiveCfg = Release|Any CPU
		{CA49632E-A11D-4F94-A5C2-96283D9B9E9B}.Release|Any CPU.Build.0 = Release|Any CPU
		{93C526B3-8A1C-4767-AD69-CCCAEEAFDA41}.Debug|Any CPU.ActiveCfg = Debug|Any CPU
		{93C526B3-8A1C-4767-AD69-CCCAEEAFDA41}.Debug|Any CPU.Build.0 = Debug|Any CPU
		{93C526B3-8A1C-4767-AD69-CCCAEEAFDA41}.Release|Any CPU.ActiveCfg = Release|Any CPU
		{93C526B3-8A1C-4767-AD69-CCCAEEAFDA41}.Release|Any CPU.Build.0 = Release|Any CPU
		{A547EAE6-A6E9-4B6E-ADCE-A1E9344241A4}.Debug|Any CPU.ActiveCfg = Debug|Any CPU
		{A547EAE6-A6E9-4B6E-ADCE-A1E9344241A4}.Debug|Any CPU.Build.0 = Debug|Any CPU
		{A547EAE6-A6E9-4B6E-ADCE-A1E9344241A4}.Release|Any CPU.ActiveCfg = Release|Any CPU
		{A547EAE6-A6E9-4B6E-ADCE-A1E9344241A4}.Release|Any CPU.Build.0 = Release|Any CPU
		{0BB8480E-F015-4BB1-B793-B0EE7CDD9237}.Debug|Any CPU.ActiveCfg = Debug|Any CPU
		{0BB8480E-F015-4BB1-B793-B0EE7CDD9237}.Debug|Any CPU.Build.0 = Debug|Any CPU
		{0BB8480E-F015-4BB1-B793-B0EE7CDD9237}.Release|Any CPU.ActiveCfg = Release|Any CPU
		{0BB8480E-F015-4BB1-B793-B0EE7CDD9237}.Release|Any CPU.Build.0 = Release|Any CPU
	EndGlobalSection
	GlobalSection(SolutionProperties) = preSolution
		HideSolutionNode = FALSE
	EndGlobalSection
	GlobalSection(ExtensibilityGlobals) = postSolution
		SolutionGuid = {513340FA-75D4-42DB-9EA8-0BA2123E6B44}
	EndGlobalSection
EndGlobal
